
Microsoft Visual Studio Solution File, Format Version 9.00
# Visual Studio 2005
Project("{8BC9CEB8-8B4A-11D0-8D11-00A0C91BC942}") = "HumanTrait", "HumanTrait.vcproj", "{169901FF-4DC9-403E-A2F1-7CDA49E1B6AE}"
EndProject
Global
	GlobalSection(SolutionConfigurationPlatforms) = preSolution
		Debug|Win32 = Debug|Win32
		Debug|x64 = Debug|x64
		Release|Win32 = Release|Win32
		Release|x64 = Release|x64
	EndGlobalSection
	GlobalSection(ProjectConfigurationPlatforms) = postSolution
		{169901FF-4DC9-403E-A2F1-7CDA49E1B6AE}.Debug|Win32.ActiveCfg = Debug|Win32
		{169901FF-4DC9-403E-A2F1-7CDA49E1B6AE}.Debug|Win32.Build.0 = Debug|Win32
		{169901FF-4DC9-403E-A2F1-7CDA49E1B6AE}.Debug|x64.ActiveCfg = Release|x64
		{169901FF-4DC9-403E-A2F1-7CDA49E1B6AE}.Debug|x64.Build.0 = Release|x64
		{169901FF-4DC9-403E-A2F1-7CDA49E1B6AE}.Release|Win32.ActiveCfg = Release|Win32
		{169901FF-4DC9-403E-A2F1-7CDA49E1B6AE}.Release|Win32.Build.0 = Release|Win32
		{169901FF-4DC9-403E-A2F1-7CDA49E1B6AE}.Release|x64.ActiveCfg = Release|x64
		{169901FF-4DC9-403E-A2F1-7CDA49E1B6AE}.Release|x64.Build.0 = Release|x64
	EndGlobalSection
	GlobalSection(SolutionProperties) = preSolution
		HideSolutionNode = FALSE
	EndGlobalSection
EndGlobal
